# This file is autogenerated, do not edit; changes may be undone by the next 'dep ensure'.


[[projects]]
  name = "github.com/elazarl/goproxy"
  packages = ["."]
  revision = "0a5b8bdb09049ae4ae68e75437ded0b7a2e324e3"
  version = "v1.0"

[solve-meta]
  analyzer-name = "dep"
  analyzer-version = 1
  inputs-digest = "b4c7265ac91d1d45cdffcac9a0591857cd250ac9fd755ae9a3d0c404f7b632fb"
  solver-name = "gps-cdcl"
  solver-version = 1
